
Microsoft Visual Studio Solution File, Format Version 12.00
# Visual Studio Version 16
VisualStudioVersion = 16.0.30621.155
MinimumVisualStudioVersion = 10.0.40219.1
Project("{FAE04EC0-301F-11D3-BF4B-00C04F79EFBC}") = "SchoolManager", "SchoolManager\SchoolManager.csproj", "{43C4A6FB-E69E-41B9-83AE-CB0B62C72923}"
EndProject
Global
	GlobalSection(SolutionConfigurationPlatforms) = preSolution
		Debug|Any CPU = Debug|Any CPU
		Release|Any CPU = Release|Any CPU
	EndGlobalSection
	GlobalSection(ProjectConfigurationPlatforms) = postSolution
		{43C4A6FB-E69E-41B9-83AE-CB0B62C72923}.Debug|Any CPU.ActiveCfg = Debug|Any CPU
		{43C4A6FB-E69E-41B9-83AE-CB0B62C72923}.Debug|Any CPU.Build.0 = Debug|Any CPU
		{43C4A6FB-E69E-41B9-83AE-CB0B62C72923}.Release|Any CPU.ActiveCfg = Release|Any CPU
		{43C4A6FB-E69E-41B9-83AE-CB0B62C72923}.Release|Any CPU.Build.0 = Release|Any CPU
	EndGlobalSection
	GlobalSection(SolutionProperties) = preSolution
		HideSolutionNode = FALSE
	EndGlobalSection
	GlobalSection(ExtensibilityGlobals) = postSolution
		SolutionGuid = {DD3AF87F-ADC8-474A-9573-4F29C5F37DB9}
	EndGlobalSection
EndGlobal
